
Microsoft Visual Studio Solution File, Format Version 12.00
# Visual Studio Version 17
VisualStudioVersion = 17.8.34525.116
MinimumVisualStudioVersion = 10.0.40219.1
Project("{FAE04EC0-301F-11D3-BF4B-00C04F79EFBC}") = "AS2324.Randazzo.Diego.3G.es13lab", "AS2324.Randazzo.Diego.3G.es13lab\AS2324.Randazzo.Diego.3G.es13lab.csproj", "{889BBC4B-2AD1-4ECD-B3E8-99CDE54D6203}"
EndProject
Global
	GlobalSection(SolutionConfigurationPlatforms) = preSolution
		Debug|Any CPU = Debug|Any CPU
		Release|Any CPU = Release|Any CPU
	EndGlobalSection
	GlobalSection(ProjectConfigurationPlatforms) = postSolution
		{889BBC4B-2AD1-4ECD-B3E8-99CDE54D6203}.Debug|Any CPU.ActiveCfg = Debug|Any CPU
		{889BBC4B-2AD1-4ECD-B3E8-99CDE54D6203}.Debug|Any CPU.Build.0 = Debug|Any CPU
		{889BBC4B-2AD1-4ECD-B3E8-99CDE54D6203}.Release|Any CPU.ActiveCfg = Release|Any CPU
		{889BBC4B-2AD1-4ECD-B3E8-99CDE54D6203}.Release|Any CPU.Build.0 = Release|Any CPU
	EndGlobalSection
	GlobalSection(SolutionProperties) = preSolution
		HideSolutionNode = FALSE
	EndGlobalSection
	GlobalSection(ExtensibilityGlobals) = postSolution
		SolutionGuid = {9DA55656-4465-4D9F-BA98-3A5E46E52AC3}
	EndGlobalSection
EndGlobal
